
Microsoft Visual Studio Solution File, Format Version 12.00
# Visual Studio 14
VisualStudioVersion = 14.0.25420.1
MinimumVisualStudioVersion = 10.0.40219.1
Project("{FAE04EC0-301F-11D3-BF4B-00C04F79EFBC}") = "Cake.Grunt", "src\Cake.Grunt\Cake.Grunt.csproj", "{FFC5115C-941B-415C-A729-D84D1473A7AE}"
EndProject
Project("{2150E333-8FDC-42A3-9474-1A3956D46DE8}") = "src", "src", "{815697A4-D90F-4A11-94DE-E25BA7877CD6}"
EndProject
Project("{2150E333-8FDC-42A3-9474-1A3956D46DE8}") = "tests", "tests", "{A2A1B7ED-D620-47AA-8C92-77ED0D841D2D}"
EndProject
Project("{FAE04EC0-301F-11D3-BF4B-00C04F79EFBC}") = "Cake.Grunt.Tests", "src\Cake.Grunt.Tests\Cake.Grunt.Tests.csproj", "{B24B179E-E3C3-4DF2-90B2-98A7248DEA33}"
EndProject
Global
	GlobalSection(SolutionConfigurationPlatforms) = preSolution
		Debug|Any CPU = Debug|Any CPU
		Release|Any CPU = Release|Any CPU
	EndGlobalSection
	GlobalSection(ProjectConfigurationPlatforms) = postSolution
		{FFC5115C-941B-415C-A729-D84D1473A7AE}.Debug|Any CPU.ActiveCfg = Debug|Any CPU
		{FFC5115C-941B-415C-A729-D84D1473A7AE}.Debug|Any CPU.Build.0 = Debug|Any CPU
		{FFC5115C-941B-415C-A729-D84D1473A7AE}.Release|Any CPU.ActiveCfg = Release|Any CPU
		{FFC5115C-941B-415C-A729-D84D1473A7AE}.Release|Any CPU.Build.0 = Release|Any CPU
		{B24B179E-E3C3-4DF2-90B2-98A7248DEA33}.Debug|Any CPU.ActiveCfg = Debug|Any CPU
		{B24B179E-E3C3-4DF2-90B2-98A7248DEA33}.Debug|Any CPU.Build.0 = Debug|Any CPU
		{B24B179E-E3C3-4DF2-90B2-98A7248DEA33}.Release|Any CPU.ActiveCfg = Release|Any CPU
		{B24B179E-E3C3-4DF2-90B2-98A7248DEA33}.Release|Any CPU.Build.0 = Release|Any CPU
	EndGlobalSection
	GlobalSection(SolutionProperties) = preSolution
		HideSolutionNode = FALSE
	EndGlobalSection
	GlobalSection(NestedProjects) = preSolution
		{FFC5115C-941B-415C-A729-D84D1473A7AE} = {815697A4-D90F-4A11-94DE-E25BA7877CD6}
		{B24B179E-E3C3-4DF2-90B2-98A7248DEA33} = {A2A1B7ED-D620-47AA-8C92-77ED0D841D2D}
	EndGlobalSection
EndGlobal
