
Microsoft Visual Studio Solution File, Format Version 12.00
# Visual Studio 15
VisualStudioVersion = 15.0.27130.2027
MinimumVisualStudioVersion = 10.0.40219.1
Project("{9A19103F-16F7-4668-BE54-9A1E7A4F7556}") = "Cake.Grunt", "Cake.Grunt\Cake.Grunt.csproj", "{0BF27F9E-94D0-4CAF-A3E1-6717D15FDB7F}"
EndProject
Project("{FAE04EC0-301F-11D3-BF4B-00C04F79EFBC}") = "Cake.Grunt.Tests", "Cake.Grunt.Tests\Cake.Grunt.Tests.csproj", "{0299F429-094F-4D16-8F54-C1782436775D}"
EndProject
Global
	GlobalSection(SolutionConfigurationPlatforms) = preSolution
		Debug|Any CPU = Debug|Any CPU
		Release|Any CPU = Release|Any CPU
	EndGlobalSection
	GlobalSection(ProjectConfigurationPlatforms) = postSolution
		{0BF27F9E-94D0-4CAF-A3E1-6717D15FDB7F}.Debug|Any CPU.ActiveCfg = Debug|Any CPU
		{0BF27F9E-94D0-4CAF-A3E1-6717D15FDB7F}.Debug|Any CPU.Build.0 = Debug|Any CPU
		{0BF27F9E-94D0-4CAF-A3E1-6717D15FDB7F}.Release|Any CPU.ActiveCfg = Release|Any CPU
		{0BF27F9E-94D0-4CAF-A3E1-6717D15FDB7F}.Release|Any CPU.Build.0 = Release|Any CPU
		{0299F429-094F-4D16-8F54-C1782436775D}.Debug|Any CPU.ActiveCfg = Debug|Any CPU
		{0299F429-094F-4D16-8F54-C1782436775D}.Debug|Any CPU.Build.0 = Debug|Any CPU
		{0299F429-094F-4D16-8F54-C1782436775D}.Release|Any CPU.ActiveCfg = Release|Any CPU
		{0299F429-094F-4D16-8F54-C1782436775D}.Release|Any CPU.Build.0 = Release|Any CPU
	EndGlobalSection
	GlobalSection(SolutionProperties) = preSolution
		HideSolutionNode = FALSE
	EndGlobalSection
	GlobalSection(ExtensibilityGlobals) = postSolution
		SolutionGuid = {BA04D308-5975-416A-8B62-30C5B646754E}
	EndGlobalSection
EndGlobal
